
Microsoft Visual Studio Solution File, Format Version 12.00
# Visual Studio Version 17
VisualStudioVersion = 17.3.32922.545
MinimumVisualStudioVersion = 10.0.40219.1
Project("{9A19103F-16F7-4668-BE54-9A1E7A4F7556}") = "MyProfessionalASP.NETproject", "MyProfessionalASP.NETproject\MyProfessionalASP.NETproject.csproj", "{BB5F8BAC-5A71-4651-ABA7-068520CC703C}"
EndProject
Global
	GlobalSection(SolutionConfigurationPlatforms) = preSolution
		Debug|Any CPU = Debug|Any CPU
		Release|Any CPU = Release|Any CPU
	EndGlobalSection
	GlobalSection(ProjectConfigurationPlatforms) = postSolution
		{BB5F8BAC-5A71-4651-ABA7-068520CC703C}.Debug|Any CPU.ActiveCfg = Debug|Any CPU
		{BB5F8BAC-5A71-4651-ABA7-068520CC703C}.Debug|Any CPU.Build.0 = Debug|Any CPU
		{BB5F8BAC-5A71-4651-ABA7-068520CC703C}.Release|Any CPU.ActiveCfg = Release|Any CPU
		{BB5F8BAC-5A71-4651-ABA7-068520CC703C}.Release|Any CPU.Build.0 = Release|Any CPU
	EndGlobalSection
	GlobalSection(SolutionProperties) = preSolution
		HideSolutionNode = FALSE
	EndGlobalSection
	GlobalSection(ExtensibilityGlobals) = postSolution
		SolutionGuid = {B21879CC-99CD-463C-86A4-030F45128657}
	EndGlobalSection
EndGlobal
